// !$*UTF8*$!
{
	archiveVersion = 1;
	classes = {
	};
	objectVersion = 50;
	objects = {

/* Begin PBXBuildFile section */
		9CC7819E21F2AB9E000E49B0 /* ObjectAssembly.swift in Sources */ = {isa = PBXBuildFile; fileRef = 9CC7819D21F2AB9E000E49B0 /* ObjectAssembly.swift */; };
		9CC781A021F2ABDB000E49B0 /* TestObjects.swift in Sources */ = {isa = PBXBuildFile; fileRef = 9CC7819F21F2ABDB000E49B0 /* TestObjects.swift */; };
		9CC781A221F2ACCC000E49B0 /* MyDependencyModule.swift in Sources */ = {isa = PBXBuildFile; fileRef = 9CC781A121F2ACCC000E49B0 /* MyDependencyModule.swift */; };
		9CEE680121F2AAB50070B262 /* AppDelegate.swift in Sources */ = {isa = PBXBuildFile; fileRef = 9CEE680021F2AAB50070B262 /* AppDelegate.swift */; };
		9CEE680321F2AAB50070B262 /* ViewController.swift in Sources */ = {isa = PBXBuildFile; fileRef = 9CEE680221F2AAB50070B262 /* ViewController.swift */; };
		9CEE680621F2AAB50070B262 /* Main.storyboard in Resources */ = {isa = PBXBuildFile; fileRef = 9CEE680421F2AAB50070B262 /* Main.storyboard */; };
		9CEE680821F2AAB60070B262 /* Assets.xcassets in Resources */ = {isa = PBXBuildFile; fileRef = 9CEE680721F2AAB60070B262 /* Assets.xcassets */; };
		9CEE680B21F2AAB60070B262 /* LaunchScreen.storyboard in Resources */ = {isa = PBXBuildFile; fileRef = 9CEE680921F2AAB60070B262 /* LaunchScreen.storyboard */; };
		F6832C582044C425C36540FD /* Pods_Swinject_Experiment.framework in Frameworks */ = {isa = PBXBuildFile; fileRef = 4165BF402854E2D8EF81E902 /* Pods_Swinject_Experiment.framework */; };
/* End PBXBuildFile section */

/* Begin PBXFileReference section */
		4165BF402854E2D8EF81E902 /* Pods_Swinject_Experiment.framework */ = {isa = PBXFileReference; explicitFileType = wrapper.framework; includeInIndex = 0; path = Pods_Swinject_Experiment.framework; sourceTree = BUILT_PRODUCTS_DIR; };
		4A18073A344E1C6A7CE836A2 /* Pods-Swinject-Test.release.xcconfig */ = {isa = PBXFileReference; includeInIndex = 1; lastKnownFileType = text.xcconfig; name = "Pods-Swinject-Test.release.xcconfig"; path = "Pods/Target Support Files/Pods-Swinject-Test/Pods-Swinject-Test.release.xcconfig"; sourceTree = "<group>"; };
		65188E215DCD207414006B8B /* Pods_Swinject_Test.framework */ = {isa = PBXFileReference; explicitFileType = wrapper.framework; includeInIndex = 0; path = Pods_Swinject_Test.framework; sourceTree = BUILT_PRODUCTS_DIR; };
		916C7004AAA731A1837E5E35 /* Pods-Swinject-Experiment.debug.xcconfig */ = {isa = PBXFileReference; includeInIndex = 1; lastKnownFileType = text.xcconfig; name = "Pods-Swinject-Experiment.debug.xcconfig"; path = "Pods/Target Support Files/Pods-Swinject-Experiment/Pods-Swinject-Experiment.debug.xcconfig"; sourceTree = "<group>"; };
		93F7D54CD50DA2F8B6C4FE2A /* Pods-Swinject-Experiment.release.xcconfig */ = {isa = PBXFileReference; includeInIndex = 1; lastKnownFileType = text.xcconfig; name = "Pods-Swinject-Experiment.release.xcconfig"; path = "Pods/Target Support Files/Pods-Swinject-Experiment/Pods-Swinject-Experiment.release.xcconfig"; sourceTree = "<group>"; };
		9CC7819D21F2AB9E000E49B0 /* ObjectAssembly.swift */ = {isa = PBXFileReference; lastKnownFileType = sourcecode.swift; path = ObjectAssembly.swift; sourceTree = "<group>"; };
		9CC7819F21F2ABDB000E49B0 /* TestObjects.swift */ = {isa = PBXFileReference; lastKnownFileType = sourcecode.swift; path = TestObjects.swift; sourceTree = "<group>"; };
		9CC781A121F2ACCC000E49B0 /* MyDependencyModule.swift */ = {isa = PBXFileReference; lastKnownFileType = sourcecode.swift; path = MyDependencyModule.swift; sourceTree = "<group>"; };
		9CEE67FD21F2AAB50070B262 /* Swinject-Experiment.app */ = {isa = PBXFileReference; explicitFileType = wrapper.application; includeInIndex = 0; path = "Swinject-Experiment.app"; sourceTree = BUILT_PRODUCTS_DIR; };
		9CEE680021F2AAB50070B262 /* AppDelegate.swift */ = {isa = PBXFileReference; lastKnownFileType = sourcecode.swift; path = AppDelegate.swift; sourceTree = "<group>"; };
		9CEE680221F2AAB50070B262 /* ViewController.swift */ = {isa = PBXFileReference; lastKnownFileType = sourcecode.swift; path = ViewController.swift; sourceTree = "<group>"; };
		9CEE680521F2AAB50070B262 /* Base */ = {isa = PBXFileReference; lastKnownFileType = file.storyboard; name = Base; path = Base.lproj/Main.storyboard; sourceTree = "<group>"; };
		9CEE680721F2AAB60070B262 /* Assets.xcassets */ = {isa = PBXFileReference; lastKnownFileType = folder.assetcatalog; path = Assets.xcassets; sourceTree = "<group>"; };
		9CEE680A21F2AAB60070B262 /* Base */ = {isa = PBXFileReference; lastKnownFileType = file.storyboard; name = Base; path = Base.lproj/LaunchScreen.storyboard; sourceTree = "<group>"; };
		9CEE680C21F2AAB60070B262 /* Info.plist */ = {isa = PBXFileReference; lastKnownFileType = text.plist.xml; path = Info.plist; sourceTree = "<group>"; };
		DB1917E24FEB2736565FE6A6 /* Pods-Swinject-Test.debug.xcconfig */ = {isa = PBXFileReference; includeInIndex = 1; lastKnownFileType = text.xcconfig; name = "Pods-Swinject-Test.debug.xcconfig"; path = "Pods/Target Support Files/Pods-Swinject-Test/Pods-Swinject-Test.debug.xcconfig"; sourceTree = "<group>"; };
/* End PBXFileReference section */

/* Begin PBXFrameworksBuildPhase section */
		9CEE67FA21F2AAB50070B262 /* Frameworks */ = {
			isa = PBXFrameworksBuildPhase;
			buildActionMask = 2147483647;
			files = (
				F6832C582044C425C36540FD /* Pods_Swinject_Experiment.framework in Frameworks */,
			);
			runOnlyForDeploymentPostprocessing = 0;
		};
/* End PBXFrameworksBuildPhase section */

/* Begin PBXGroup section */
		2FE52B9BBE898BFC189E8DAD /* Frameworks */ = {
			isa = PBXGroup;
			children = (
				65188E215DCD207414006B8B /* Pods_Swinject_Test.framework */,
				4165BF402854E2D8EF81E902 /* Pods_Swinject_Experiment.framework */,
			);
			name = Frameworks;
			sourceTree = "<group>";
		};
		8A5BBC78ECEDA95749C6E33E /* Pods */ = {
			isa = PBXGroup;
			children = (
				DB1917E24FEB2736565FE6A6 /* Pods-Swinject-Test.debug.xcconfig */,
				4A18073A344E1C6A7CE836A2 /* Pods-Swinject-Test.release.xcconfig */,
				916C7004AAA731A1837E5E35 /* Pods-Swinject-Experiment.debug.xcconfig */,
				93F7D54CD50DA2F8B6C4FE2A /* Pods-Swinject-Experiment.release.xcconfig */,
			);
			name = Pods;
			sourceTree = "<group>";
		};
		9CC7819C21F2AB20000E49B0 /* Wirings */ = {
			isa = PBXGroup;
			children = (
				9CC7819D21F2AB9E000E49B0 /* ObjectAssembly.swift */,
				9CC781A121F2ACCC000E49B0 /* MyDependencyModule.swift */,
			);
			path = Wirings;
			sourceTree = "<group>";
		};
		9CEE67F421F2AAB50070B262 = {
			isa = PBXGroup;
			children = (
				9CEE67FF21F2AAB50070B262 /* Swinject-Experiment */,
				9CEE67FE21F2AAB50070B262 /* Products */,
				8A5BBC78ECEDA95749C6E33E /* Pods */,
				2FE52B9BBE898BFC189E8DAD /* Frameworks */,
			);
			sourceTree = "<group>";
		};
		9CEE67FE21F2AAB50070B262 /* Products */ = {
			isa = PBXGroup;
			children = (
				9CEE67FD21F2AAB50070B262 /* Swinject-Experiment.app */,
			);
			name = Products;
			sourceTree = "<group>";
		};
		9CEE67FF21F2AAB50070B262 /* Swinject-Experiment */ = {
			isa = PBXGroup;
			children = (
				9CC7819C21F2AB20000E49B0 /* Wirings */,
				9CEE680021F2AAB50070B262 /* AppDelegate.swift */,
				9CEE680221F2AAB50070B262 /* ViewController.swift */,
				9CEE680421F2AAB50070B262 /* Main.storyboard */,
				9CEE680721F2AAB60070B262 /* Assets.xcassets */,
				9CEE680921F2AAB60070B262 /* LaunchScreen.storyboard */,
				9CEE680C21F2AAB60070B262 /* Info.plist */,
				9CC7819F21F2ABDB000E49B0 /* TestObjects.swift */,
			);
			path = "Swinject-Experiment";
			sourceTree = "<group>";
		};
/* End PBXGroup section */

/* Begin PBXNativeTarget section */
		9CEE67FC21F2AAB50070B262 /* Swinject-Experiment */ = {
			isa = PBXNativeTarget;
			buildConfigurationList = 9CEE680F21F2AAB60070B262 /* Build configuration list for PBXNativeTarget "Swinject-Experiment" */;
			buildPhases = (
				6A3CE97AF766F70421906458 /* [CP] Check Pods Manifest.lock */,
				9CEE67F921F2AAB50070B262 /* Sources */,
				9CEE67FA21F2AAB50070B262 /* Frameworks */,
				9CEE67FB21F2AAB50070B262 /* Resources */,
				A8F3D36F5B1DE13A2B3E7349 /* [CP] Embed Pods Frameworks */,
			);
			buildRules = (
			);
			dependencies = (
			);
			name = "Swinject-Experiment";
			productName = "Swinject-Test";
			productReference = 9CEE67FD21F2AAB50070B262 /* Swinject-Experiment.app */;
			productType = "com.apple.product-type.application";
		};
/* End PBXNativeTarget section */

/* Begin PBXProject section */
		9CEE67F521F2AAB50070B262 /* Project object */ = {
			isa = PBXProject;
			attributes = {
				LastSwiftUpdateCheck = 1010;
				LastUpgradeCheck = 1010;
				ORGANIZATIONNAME = "Raymond Kam";
				TargetAttributes = {
					9CEE67FC21F2AAB50070B262 = {
						CreatedOnToolsVersion = 10.1;
					};
				};
			};
			buildConfigurationList = 9CEE67F821F2AAB50070B262 /* Build configuration list for PBXProject "Swinject-Experiment" */;
			compatibilityVersion = "Xcode 9.3";
			developmentRegion = en;
			hasScannedForEncodings = 0;
			knownRegions = (
				en,
				Base,
			);
			mainGroup = 9CEE67F421F2AAB50070B262;
			productRefGroup = 9CEE67FE21F2AAB50070B262 /* Products */;
			projectDirPath = "";
			projectRoot = "";
			targets = (
				9CEE67FC21F2AAB50070B262 /* Swinject-Experiment */,
			);
		};
/* End PBXProject section */

/* Begin PBXResourcesBuildPhase section */
		9CEE67FB21F2AAB50070B262 /* Resources */ = {
			isa = PBXResourcesBuildPhase;
			buildActionMask = 2147483647;
			files = (
				9CEE680B21F2AAB60070B262 /* LaunchScreen.storyboard in Resources */,
				9CEE680821F2AAB60070B262 /* Assets.xcassets in Resources */,
				9CEE680621F2AAB50070B262 /* Main.storyboard in Resources */,
			);
			runOnlyForDeploymentPostprocessing = 0;
		};
/* End PBXResourcesBuildPhase section */

/* Begin PBXShellScriptBuildPhase section */
		6A3CE97AF766F70421906458 /* [CP] Check Pods Manifest.lock */ = {
			isa = PBXShellScriptBuildPhase;
			buildActionMask = 2147483647;
			files = (
			);
			inputPaths = (
				"${PODS_PODFILE_DIR_PATH}/Podfile.lock",
				"${PODS_ROOT}/Manifest.lock",
			);
			name = "[CP] Check Pods Manifest.lock";
			outputPaths = (
				"$(DERIVED_FILE_DIR)/Pods-Swinject-Experiment-checkManifestLockResult.txt",
			);
			runOnlyForDeploymentPostprocessing = 0;
			shellPath = /bin/sh;
			shellScript = "diff \"${PODS_PODFILE_DIR_PATH}/Podfile.lock\" \"${PODS_ROOT}/Manifest.lock\" > /dev/null\nif [ $? != 0 ] ; then\n    # print error to STDERR\n    echo \"error: The sandbox is not in sync with the Podfile.lock. Run 'pod install' or update your CocoaPods installation.\" >&2\n    exit 1\nfi\n# This output is used by Xcode 'outputs' to avoid re-running this script phase.\necho \"SUCCESS\" > \"${SCRIPT_OUTPUT_FILE_0}\"\n";
			showEnvVarsInLog = 0;
		};
		A8F3D36F5B1DE13A2B3E7349 /* [CP] Embed Pods Frameworks */ = {
			isa = PBXShellScriptBuildPhase;
			buildActionMask = 2147483647;
			files = (
			);
			inputPaths = (
				"${SRCROOT}/Pods/Target Support Files/Pods-Swinject-Experiment/Pods-Swinject-Experiment-frameworks.sh",
				"${BUILT_PRODUCTS_DIR}/Swinject/Swinject.framework",
			);
			name = "[CP] Embed Pods Frameworks";
			outputPaths = (
				"${TARGET_BUILD_DIR}/${FRAMEWORKS_FOLDER_PATH}/Swinject.framework",
			);
			runOnlyForDeploymentPostprocessing = 0;
			shellPath = /bin/sh;
			shellScript = "\"${SRCROOT}/Pods/Target Support Files/Pods-Swinject-Experiment/Pods-Swinject-Experiment-frameworks.sh\"\n";
			showEnvVarsInLog = 0;
		};
/* End PBXShellScriptBuildPhase section */

/* Begin PBXSourcesBuildPhase section */
		9CEE67F921F2AAB50070B262 /* Sources */ = {
			isa = PBXSourcesBuildPhase;
			buildActionMask = 2147483647;
			files = (
				9CC781A221F2ACCC000E49B0 /* MyDependencyModule.swift in Sources */,
				9CC7819E21F2AB9E000E49B0 /* ObjectAssembly.swift in Sources */,
				9CEE680321F2AAB50070B262 /* ViewController.swift in Sources */,
				9CC781A021F2ABDB000E49B0 /* TestObjects.swift in Sources */,
				9CEE680121F2AAB50070B262 /* AppDelegate.swift in Sources */,
			);
			runOnlyForDeploymentPostprocessing = 0;
		};
/* End PBXSourcesBuildPhase section */

/* Begin PBXVariantGroup section */
		9CEE680421F2AAB50070B262 /* Main.storyboard */ = {
			isa = PBXVariantGroup;
			children = (
				9CEE680521F2AAB50070B262 /* Base */,
			);
			name = Main.storyboard;
			sourceTree = "<group>";
		};
		9CEE680921F2AAB60070B262 /* LaunchScreen.storyboard */ = {
			isa = PBXVariantGroup;
			children = (
				9CEE680A21F2AAB60070B262 /* Base */,
			);
			name = LaunchScreen.storyboard;
			sourceTree = "<group>";
		};
/* End PBXVariantGroup section */

/* Begin XCBuildConfiguration section */
		9CEE680D21F2AAB60070B262 /* Debug */ = {
			isa = XCBuildConfiguration;
			buildSettings = {
				ALWAYS_SEARCH_USER_PATHS = NO;
				CLANG_ANALYZER_NONNULL = YES;
				CLANG_ANALYZER_NUMBER_OBJECT_CONVERSION = YES_AGGRESSIVE;
				CLANG_CXX_LANGUAGE_STANDARD = "gnu++14";
				CLANG_CXX_LIBRARY = "libc++";
				CLANG_ENABLE_MODULES = YES;
				CLANG_ENABLE_OBJC_ARC = YES;
				CLANG_ENABLE_OBJC_WEAK = YES;
				CLANG_WARN_BLOCK_CAPTURE_AUTORELEASING = YES;
				CLANG_WARN_BOOL_CONVERSION = YES;
				CLANG_WARN_COMMA = YES;
				CLANG_WARN_CONSTANT_CONVERSION = YES;
				CLANG_WARN_DEPRECATED_OBJC_IMPLEMENTATIONS = YES;
				CLANG_WARN_DIRECT_OBJC_ISA_USAGE = YES_ERROR;
				CLANG_WARN_DOCUMENTATION_COMMENTS = YES;
				CLANG_WARN_EMPTY_BODY = YES;
				CLANG_WARN_ENUM_CONVERSION = YES;
				CLANG_WARN_INFINITE_RECURSION = YES;
				CLANG_WARN_INT_CONVERSION = YES;
				CLANG_WARN_NON_LITERAL_NULL_CONVERSION = YES;
				CLANG_WARN_OBJC_IMPLICIT_RETAIN_SELF = YES;
				CLANG_WARN_OBJC_LITERAL_CONVERSION = YES;
				CLANG_WARN_OBJC_ROOT_CLASS = YES_ERROR;
				CLANG_WARN_RANGE_LOOP_ANALYSIS = YES;
				CLANG_WARN_STRICT_PROTOTYPES = YES;
				CLANG_WARN_SUSPICIOUS_MOVE = YES;
				CLANG_WARN_UNGUARDED_AVAILABILITY = YES_AGGRESSIVE;
				CLANG_WARN_UNREACHABLE_CODE = YES;
				CLANG_WARN__DUPLICATE_METHOD_MATCH = YES;
				CODE_SIGN_IDENTITY = "iPhone Developer";
				COPY_PHASE_STRIP = NO;
				DEBUG_INFORMATION_FORMAT = dwarf;
				ENABLE_STRICT_OBJC_MSGSEND = YES;
				ENABLE_TESTABILITY = YES;
				GCC_C_LANGUAGE_STANDARD = gnu11;
				GCC_DYNAMIC_NO_PIC = NO;
				GCC_NO_COMMON_BLOCKS = YES;
				GCC_OPTIMIZATION_LEVEL = 0;
				GCC_PREPROCESSOR_DEFINITIONS = (
					"DEBUG=1",
					"$(inherited)",
				);
				GCC_WARN_64_TO_32_BIT_CONVERSION = YES;
				GCC_WARN_ABOUT_RETURN_TYPE = YES_ERROR;
				GCC_WARN_UNDECLARED_SELECTOR = YES;
				GCC_WARN_UNINITIALIZED_AUTOS = YES_AGGRESSIVE;
				GCC_WARN_UNUSED_FUNCTION = YES;
				GCC_WARN_UNUSED_VARIABLE = YES;
				IPHONEOS_DEPLOYMENT_TARGET = 12.1;
				MTL_ENABLE_DEBUG_INFO = INCLUDE_SOURCE;
				MTL_FAST_MATH = YES;
				ONLY_ACTIVE_ARCH = YES;
				SDKROOT = iphoneos;
				SWIFT_ACTIVE_COMPILATION_CONDITIONS = DEBUG;
				SWIFT_OPTIMIZATION_LEVEL = "-Onone";
			};
			name = Debug;
		};
		9CEE680E21F2AAB60070B262 /* Release */ = {
			isa = XCBuildConfiguration;
			buildSettings = {
				ALWAYS_SEARCH_USER_PATHS = NO;
				CLANG_ANALYZER_NONNULL = YES;
				CLANG_ANALYZER_NUMBER_OBJECT_CONVERSION = YES_AGGRESSIVE;
				CLANG_CXX_LANGUAGE_STANDARD = "gnu++14";
				CLANG_CXX_LIBRARY = "libc++";
				CLANG_ENABLE_MODULES = YES;
				CLANG_ENABLE_OBJC_ARC = YES;
				CLANG_ENABLE_OBJC_WEAK = YES;
				CLANG_WARN_BLOCK_CAPTURE_AUTORELEASING = YES;
				CLANG_WARN_BOOL_CONVERSION = YES;
				CLANG_WARN_COMMA = YES;
				CLANG_WARN_CONSTANT_CONVERSION = YES;
				CLANG_WARN_DEPRECATED_OBJC_IMPLEMENTATIONS = YES;
				CLANG_WARN_DIRECT_OBJC_ISA_USAGE = YES_ERROR;
				CLANG_WARN_DOCUMENTATION_COMMENTS = YES;
				CLANG_WARN_EMPTY_BODY = YES;
				CLANG_WARN_ENUM_CONVERSION = YES;
				CLANG_WARN_INFINITE_RECURSION = YES;
				CLANG_WARN_INT_CONVERSION = YES;
				CLANG_WARN_NON_LITERAL_NULL_CONVERSION = YES;
				CLANG_WARN_OBJC_IMPLICIT_RETAIN_SELF = YES;
				CLANG_WARN_OBJC_LITERAL_CONVERSION = YES;
				CLANG_WARN_OBJC_ROOT_CLASS = YES_ERROR;
				CLANG_WARN_RANGE_LOOP_ANALYSIS = YES;
				CLANG_WARN_STRICT_PROTOTYPES = YES;
				CLANG_WARN_SUSPICIOUS_MOVE = YES;
				CLANG_WARN_UNGUARDED_AVAILABILITY = YES_AGGRESSIVE;
				CLANG_WARN_UNREACHABLE_CODE = YES;
				CLANG_WARN__DUPLICATE_METHOD_MATCH = YES;
				CODE_SIGN_IDENTITY = "iPhone Developer";
				COPY_PHASE_STRIP = NO;
				DEBUG_INFORMATION_FORMAT = "dwarf-with-dsym";
				ENABLE_NS_ASSERTIONS = NO;
				ENABLE_STRICT_OBJC_MSGSEND = YES;
				GCC_C_LANGUAGE_STANDARD = gnu11;
				GCC_NO_COMMON_BLOCKS = YES;
				GCC_WARN_64_TO_32_BIT_CONVERSION = YES;
				GCC_WARN_ABOUT_RETURN_TYPE = YES_ERROR;
				GCC_WARN_UNDECLARED_SELECTOR = YES;
				GCC_WARN_UNINITIALIZED_AUTOS = YES_AGGRESSIVE;
				GCC_WARN_UNUSED_FUNCTION = YES;
				GCC_WARN_UNUSED_VARIABLE = YES;
				IPHONEOS_DEPLOYMENT_TARGET = 12.1;
				MTL_ENABLE_DEBUG_INFO = NO;
				MTL_FAST_MATH = YES;
				SDKROOT = iphoneos;
				SWIFT_COMPILATION_MODE = wholemodule;
				SWIFT_OPTIMIZATION_LEVEL = "-O";
				VALIDATE_PRODUCT = YES;
			};
			name = Release;
		};
		9CEE681021F2AAB60070B262 /* Debug */ = {
			isa = XCBuildConfiguration;
			baseConfigurationReference = 916C7004AAA731A1837E5E35 /* Pods-Swinject-Experiment.debug.xcconfig */;
			buildSettings = {
				ASSETCATALOG_COMPILER_APPICON_NAME = AppIcon;
				CODE_SIGN_STYLE = Automatic;
				DEVELOPMENT_TEAM = NT8RKCPT5K;
				INFOPLIST_FILE = "$(SRCROOT)/Swinject-Experiment/Info.plist";
				LD_RUNPATH_SEARCH_PATHS = (
					"$(inherited)",
					"@executable_path/Frameworks",
				);
				PRODUCT_BUNDLE_IDENTIFIER = "com.raymondkam.Swinject-Experiment";
				PRODUCT_NAME = "$(TARGET_NAME)";
				SWIFT_VERSION = 4.2;
				TARGETED_DEVICE_FAMILY = "1,2";
			};
			name = Debug;
		};
		9CEE681121F2AAB60070B262 /* Release */ = {
			isa = XCBuildConfiguration;
			baseConfigurationReference = 93F7D54CD50DA2F8B6C4FE2A /* Pods-Swinject-Experiment.release.xcconfig */;
			buildSettings = {
				ASSETCATALOG_COMPILER_APPICON_NAME = AppIcon;
				CODE_SIGN_STYLE = Automatic;
				DEVELOPMENT_TEAM = NT8RKCPT5K;
				INFOPLIST_FILE = "$(SRCROOT)/Swinject-Experiment/Info.plist";
				LD_RUNPATH_SEARCH_PATHS = (
					"$(inherited)",
					"@executable_path/Frameworks",
				);
				PRODUCT_BUNDLE_IDENTIFIER = "com.raymondkam.Swinject-Experiment";
				PRODUCT_NAME = "$(TARGET_NAME)";
				SWIFT_VERSION = 4.2;
				TARGETED_DEVICE_FAMILY = "1,2";
			};
			name = Release;
		};
/* End XCBuildConfiguration section */

/* Begin XCConfigurationList section */
		9CEE67F821F2AAB50070B262 /* Build configuration list for PBXProject "Swinject-Experiment" */ = {
			isa = XCConfigurationList;
			buildConfigurations = (
				9CEE680D21F2AAB60070B262 /* Debug */,
				9CEE680E21F2AAB60070B262 /* Release */,
			);
			defaultConfigurationIsVisible = 0;
			defaultConfigurationName = Release;
		};
		9CEE680F21F2AAB60070B262 /* Build configuration list for PBXNativeTarget "Swinject-Experiment" */ = {
			isa = XCConfigurationList;
			buildConfigurations = (
				9CEE681021F2AAB60070B262 /* Debug */,
				9CEE681121F2AAB60070B262 /* Release */,
			);
			defaultConfigurationIsVisible = 0;
			defaultConfigurationName = Release;
		};
/* End XCConfigurationList section */
	};
	rootObject = 9CEE67F521F2AAB50070B262 /* Project object */;
}
